{
  "name": "nexinterface",
  "version": "2.0.12",
  "lockfileVersion": 2,
  "requires": true,
  "packages": {
    "": {
      "version": "2.0.12",
      "license": "MIT",
      "dependencies": {
        "nexbounce": "^5.0.1",
        "nexstate": "^5.0.2",
        "nexwidget": "^5.0.1",
        "regexparam": "^2.0.0"
      },
      "devDependencies": {
        "prettier": "^2.3.2",
        "typescript": "^4.3.5"
      },
      "engines": {
        "node": ">=14.6.0",
        "npm": ">=6.0.0"
      }
    },
    "node_modules/lit-html": {
      "version": "1.4.1",
      "resolved": "https://registry.npmjs.org/lit-html/-/lit-html-1.4.1.tgz",
      "integrity": "sha512-B9btcSgPYb1q4oSOb/PrOT6Z/H+r6xuNzfH4lFli/AWhYwdtrgQkQWBbIc6mdnf6E2IL3gDXdkkqNktpU0OZQA=="
    },
    "node_modules/nexbounce": {
      "version": "5.0.1",
      "resolved": "https://registry.npmjs.org/nexbounce/-/nexbounce-5.0.1.tgz",
      "integrity": "sha512-wn5C1kJsC8SGxGyjVF5IioG0d2WKWce0NVez8Uq0eUIrs88dSB9VpBRthhnzJdxx3R+tghqYZJ1f6cj64BFnUg==",
      "engines": {
        "node": ">=14.6.0",
        "npm": ">=7.13.0"
      }
    },
    "node_modules/nexstate": {
      "version": "5.0.2",
      "resolved": "https://registry.npmjs.org/nexstate/-/nexstate-5.0.2.tgz",
      "integrity": "sha512-BD6f3vSlXfbzjs8D7ldNavretQcDnxXIhzUciPQHXQARJ9ZEPljvpmxjQBDiDPrqCdXyijNPcFI1/R285n9bkg==",
      "dependencies": {
        "nexbounce": "^5.0.0"
      },
      "engines": {
        "node": ">=14.6.0",
        "npm": ">=7.13.0"
      }
    },
    "node_modules/nexwidget": {
      "version": "5.0.1",
      "resolved": "https://registry.npmjs.org/nexwidget/-/nexwidget-5.0.1.tgz",
      "integrity": "sha512-FTQd+IV6YnPFuIehewNm+Ow/4uVa/Kj2nRaJQ3GUoRqznhiIXeUTV+aaWQ04zmVLnH/NpJunqT3ipFCYNY0lnA==",
      "dependencies": {
        "lit-html": "^1.4.1",
        "nexbounce": "^5.0.1"
      },
      "engines": {
        "node": ">=14.6.0",
        "npm": ">=6.0.0"
      }
    },
    "node_modules/prettier": {
      "version": "2.3.2",
      "resolved": "https://registry.npmjs.org/prettier/-/prettier-2.3.2.tgz",
      "integrity": "sha512-lnJzDfJ66zkMy58OL5/NY5zp70S7Nz6KqcKkXYzn2tMVrNxvbqaBpg7H3qHaLxCJ5lNMsGuM8+ohS7cZrthdLQ==",
      "dev": true,
      "bin": {
        "prettier": "bin-prettier.js"
      },
      "engines": {
        "node": ">=10.13.0"
      }
    },
    "node_modules/regexparam": {
      "version": "2.0.0",
      "resolved": "https://registry.npmjs.org/regexparam/-/regexparam-2.0.0.tgz",
      "integrity": "sha512-gJKwd2MVPWHAIFLsaYDZfyKzHNS4o7E/v8YmNf44vmeV2e4YfVoDToTOKTvE7ab68cRJ++kLuEXJBaEeJVt5ow==",
      "engines": {
        "node": ">=8"
      }
    },
    "node_modules/typescript": {
      "version": "4.3.5",
      "resolved": "https://registry.npmjs.org/typescript/-/typescript-4.3.5.tgz",
      "integrity": "sha512-DqQgihaQ9cUrskJo9kIyW/+g0Vxsk8cDtZ52a3NGh0YNTfpUSArXSohyUGnvbPazEPLu398C0UxmKSOrPumUzA==",
      "dev": true,
      "bin": {
        "tsc": "bin/tsc",
        "tsserver": "bin/tsserver"
      },
      "engines": {
        "node": ">=4.2.0"
      }
    }
  },
  "dependencies": {
    "lit-html": {
      "version": "1.4.1",
      "resolved": "https://registry.npmjs.org/lit-html/-/lit-html-1.4.1.tgz",
      "integrity": "sha512-B9btcSgPYb1q4oSOb/PrOT6Z/H+r6xuNzfH4lFli/AWhYwdtrgQkQWBbIc6mdnf6E2IL3gDXdkkqNktpU0OZQA=="
    },
    "nexbounce": {
      "version": "5.0.1",
      "resolved": "https://registry.npmjs.org/nexbounce/-/nexbounce-5.0.1.tgz",
      "integrity": "sha512-wn5C1kJsC8SGxGyjVF5IioG0d2WKWce0NVez8Uq0eUIrs88dSB9VpBRthhnzJdxx3R+tghqYZJ1f6cj64BFnUg=="
    },
    "nexstate": {
      "version": "5.0.2",
      "resolved": "https://registry.npmjs.org/nexstate/-/nexstate-5.0.2.tgz",
      "integrity": "sha512-BD6f3vSlXfbzjs8D7ldNavretQcDnxXIhzUciPQHXQARJ9ZEPljvpmxjQBDiDPrqCdXyijNPcFI1/R285n9bkg==",
      "requires": {
        "nexbounce": "^5.0.0"
      }
    },
    "nexwidget": {
      "version": "5.0.1",
      "resolved": "https://registry.npmjs.org/nexwidget/-/nexwidget-5.0.1.tgz",
      "integrity": "sha512-FTQd+IV6YnPFuIehewNm+Ow/4uVa/Kj2nRaJQ3GUoRqznhiIXeUTV+aaWQ04zmVLnH/NpJunqT3ipFCYNY0lnA==",
      "requires": {
        "lit-html": "^1.4.1",
        "nexbounce": "^5.0.1"
      }
    },
    "prettier": {
      "version": "2.3.2",
      "resolved": "https://registry.npmjs.org/prettier/-/prettier-2.3.2.tgz",
      "integrity": "sha512-lnJzDfJ66zkMy58OL5/NY5zp70S7Nz6KqcKkXYzn2tMVrNxvbqaBpg7H3qHaLxCJ5lNMsGuM8+ohS7cZrthdLQ==",
      "dev": true
    },
    "regexparam": {
      "version": "2.0.0",
      "resolved": "https://registry.npmjs.org/regexparam/-/regexparam-2.0.0.tgz",
      "integrity": "sha512-gJKwd2MVPWHAIFLsaYDZfyKzHNS4o7E/v8YmNf44vmeV2e4YfVoDToTOKTvE7ab68cRJ++kLuEXJBaEeJVt5ow=="
    },
    "typescript": {
      "version": "4.3.5",
      "resolved": "https://registry.npmjs.org/typescript/-/typescript-4.3.5.tgz",
      "integrity": "sha512-DqQgihaQ9cUrskJo9kIyW/+g0Vxsk8cDtZ52a3NGh0YNTfpUSArXSohyUGnvbPazEPLu398C0UxmKSOrPumUzA==",
      "dev": true
    }
  }
}
