{
  "name": "nexinterface",
  "version": "1.2.2",
  "lockfileVersion": 2,
  "requires": true,
  "packages": {
    "": {
      "version": "1.2.2",
      "license": "MIT",
      "dependencies": {
        "nexstate": "^4.1.2",
        "nexwidget": "^4.3.3"
      },
      "devDependencies": {
        "prettier": "^2.3.2",
        "typescript": "^4.3.5"
      },
      "engines": {
        "node": ">=14.6.0",
        "npm": ">=6.0.0"
      }
    },
    "node_modules/lit-html": {
      "version": "1.4.1",
      "resolved": "https://registry.npmjs.org/lit-html/-/lit-html-1.4.1.tgz",
      "integrity": "sha512-B9btcSgPYb1q4oSOb/PrOT6Z/H+r6xuNzfH4lFli/AWhYwdtrgQkQWBbIc6mdnf6E2IL3gDXdkkqNktpU0OZQA=="
    },
    "node_modules/nexbounce": {
      "version": "3.1.4",
      "resolved": "https://registry.npmjs.org/nexbounce/-/nexbounce-3.1.4.tgz",
      "integrity": "sha512-DE9DcXzqPR2azmkemBg4UQfLXZjHdWYPQDdW7ViG/UINrtapD0at/BXLN1lo78TNcJ+fFwiauBy3NPLpaq8Y9A==",
      "engines": {
        "node": ">=14.6.0",
        "npm": ">=7.13.0"
      }
    },
    "node_modules/nexstate": {
      "version": "4.1.2",
      "resolved": "https://registry.npmjs.org/nexstate/-/nexstate-4.1.2.tgz",
      "integrity": "sha512-rIL5QyQ8YEqO4RlihH3vP2lkJhCBlZiv0dxBJfjuoqEkGie27lSuBGU10ybW60/OCNQ12Gd/4VyqT/8U6csIjg==",
      "dependencies": {
        "nexbounce": "^3.1.4"
      },
      "engines": {
        "node": ">=14.6.0",
        "npm": ">=7.13.0"
      }
    },
    "node_modules/nexwidget": {
      "version": "4.3.3",
      "resolved": "https://registry.npmjs.org/nexwidget/-/nexwidget-4.3.3.tgz",
      "integrity": "sha512-1XhulDVT8so1+H4RdX4b76v/1j5ZZCC73p70UBeDQ1snDB3F0scyxCaD3nOPEsB8Bo2s1IY7/Gkq5kJlWsTPEQ==",
      "dependencies": {
        "lit-html": "^1.4.1",
        "nexbounce": "^3.1.4"
      },
      "engines": {
        "node": ">=14.6.0",
        "npm": ">=6.0.0"
      }
    },
    "node_modules/prettier": {
      "version": "2.3.2",
      "resolved": "https://registry.npmjs.org/prettier/-/prettier-2.3.2.tgz",
      "integrity": "sha512-lnJzDfJ66zkMy58OL5/NY5zp70S7Nz6KqcKkXYzn2tMVrNxvbqaBpg7H3qHaLxCJ5lNMsGuM8+ohS7cZrthdLQ==",
      "dev": true,
      "bin": {
        "prettier": "bin-prettier.js"
      },
      "engines": {
        "node": ">=10.13.0"
      }
    },
    "node_modules/typescript": {
      "version": "4.3.5",
      "resolved": "https://registry.npmjs.org/typescript/-/typescript-4.3.5.tgz",
      "integrity": "sha512-DqQgihaQ9cUrskJo9kIyW/+g0Vxsk8cDtZ52a3NGh0YNTfpUSArXSohyUGnvbPazEPLu398C0UxmKSOrPumUzA==",
      "dev": true,
      "bin": {
        "tsc": "bin/tsc",
        "tsserver": "bin/tsserver"
      },
      "engines": {
        "node": ">=4.2.0"
      }
    }
  },
  "dependencies": {
    "lit-html": {
      "version": "1.4.1",
      "resolved": "https://registry.npmjs.org/lit-html/-/lit-html-1.4.1.tgz",
      "integrity": "sha512-B9btcSgPYb1q4oSOb/PrOT6Z/H+r6xuNzfH4lFli/AWhYwdtrgQkQWBbIc6mdnf6E2IL3gDXdkkqNktpU0OZQA=="
    },
    "nexbounce": {
      "version": "3.1.4",
      "resolved": "https://registry.npmjs.org/nexbounce/-/nexbounce-3.1.4.tgz",
      "integrity": "sha512-DE9DcXzqPR2azmkemBg4UQfLXZjHdWYPQDdW7ViG/UINrtapD0at/BXLN1lo78TNcJ+fFwiauBy3NPLpaq8Y9A=="
    },
    "nexstate": {
      "version": "4.1.2",
      "resolved": "https://registry.npmjs.org/nexstate/-/nexstate-4.1.2.tgz",
      "integrity": "sha512-rIL5QyQ8YEqO4RlihH3vP2lkJhCBlZiv0dxBJfjuoqEkGie27lSuBGU10ybW60/OCNQ12Gd/4VyqT/8U6csIjg==",
      "requires": {
        "nexbounce": "^3.1.4"
      }
    },
    "nexwidget": {
      "version": "4.3.3",
      "resolved": "https://registry.npmjs.org/nexwidget/-/nexwidget-4.3.3.tgz",
      "integrity": "sha512-1XhulDVT8so1+H4RdX4b76v/1j5ZZCC73p70UBeDQ1snDB3F0scyxCaD3nOPEsB8Bo2s1IY7/Gkq5kJlWsTPEQ==",
      "requires": {
        "lit-html": "^1.4.1",
        "nexbounce": "^3.1.4"
      }
    },
    "prettier": {
      "version": "2.3.2",
      "resolved": "https://registry.npmjs.org/prettier/-/prettier-2.3.2.tgz",
      "integrity": "sha512-lnJzDfJ66zkMy58OL5/NY5zp70S7Nz6KqcKkXYzn2tMVrNxvbqaBpg7H3qHaLxCJ5lNMsGuM8+ohS7cZrthdLQ==",
      "dev": true
    },
    "typescript": {
      "version": "4.3.5",
      "resolved": "https://registry.npmjs.org/typescript/-/typescript-4.3.5.tgz",
      "integrity": "sha512-DqQgihaQ9cUrskJo9kIyW/+g0Vxsk8cDtZ52a3NGh0YNTfpUSArXSohyUGnvbPazEPLu398C0UxmKSOrPumUzA==",
      "dev": true
    }
  }
}
